
Microsoft Visual Studio Solution File, Format Version 11.00
# Visual Studio 2010
Project("{FAE04EC0-301F-11D3-BF4B-00C04F79EFBC}") = "SengletonPattern", "SengletonPattern\SengletonPattern.csproj", "{7BB5D6BD-2166-4CCE-8FA7-C63C4EAE78B3}"
EndProject
Global
	GlobalSection(SolutionConfigurationPlatforms) = preSolution
		Debug|x86 = Debug|x86
		Release|x86 = Release|x86
	EndGlobalSection
	GlobalSection(ProjectConfigurationPlatforms) = postSolution
		{7BB5D6BD-2166-4CCE-8FA7-C63C4EAE78B3}.Debug|x86.ActiveCfg = Debug|x86
		{7BB5D6BD-2166-4CCE-8FA7-C63C4EAE78B3}.Debug|x86.Build.0 = Debug|x86
		{7BB5D6BD-2166-4CCE-8FA7-C63C4EAE78B3}.Release|x86.ActiveCfg = Release|x86
		{7BB5D6BD-2166-4CCE-8FA7-C63C4EAE78B3}.Release|x86.Build.0 = Release|x86
	EndGlobalSection
	GlobalSection(SolutionProperties) = preSolution
		HideSolutionNode = FALSE
	EndGlobalSection
EndGlobal
